{
  "name": "@ai-r/cogment-app",
  "version": "1.0.0",
  "lockfileVersion": 2,
  "requires": true,
  "packages": {
    "": {
      "name": "@ai-r/cogment-app",
      "version": "1.0.0",
      "license": "ISC",
      "devDependencies": {
        "ts-protoc-gen": "^0.14.0",
        "tslib": "^2.1.0",
        "typescript": "^4.1.3"
      }
    },
    "node_modules/google-protobuf": {
      "version": "3.15.7",
      "resolved": "https://registry.npmjs.org/google-protobuf/-/google-protobuf-3.15.7.tgz",
      "integrity": "sha512-S/kTHcT98AV2FxEwtT5lvgffeS87BB6hloZm+pYKkpzwtySwNiKcqXZbxpq/Odh3Wib1RdOe/oY2EHdi17YrlQ==",
      "dev": true
    },
    "node_modules/ts-protoc-gen": {
      "version": "0.14.0",
      "resolved": "https://registry.npmjs.org/ts-protoc-gen/-/ts-protoc-gen-0.14.0.tgz",
      "integrity": "sha512-2z6w2HioMCMVNcgNHBcEvudmQfzrn+3BjAlz+xgYZ9L0o8n8UG8WUiTJcbXHFiEg2SU8IltwH2pm1otLoMSKwg==",
      "dev": true,
      "dependencies": {
        "google-protobuf": "^3.6.1"
      },
      "bin": {
        "protoc-gen-ts": "bin/protoc-gen-ts"
      }
    },
    "node_modules/tslib": {
      "version": "2.2.0",
      "resolved": "https://registry.npmjs.org/tslib/-/tslib-2.2.0.tgz",
      "integrity": "sha512-gS9GVHRU+RGn5KQM2rllAlR3dU6m7AcpJKdtH8gFvQiC4Otgk98XnmMU+nZenHt/+VhnBPWwgrJsyrdcw6i23w==",
      "dev": true
    },
    "node_modules/typescript": {
      "version": "4.2.4",
      "resolved": "https://registry.npmjs.org/typescript/-/typescript-4.2.4.tgz",
      "integrity": "sha512-V+evlYHZnQkaz8TRBuxTA92yZBPotr5H+WhQ7bD3hZUndx5tGOa1fuCgeSjxAzM1RiN5IzvadIXTVefuuwZCRg==",
      "dev": true,
      "bin": {
        "tsc": "bin/tsc",
        "tsserver": "bin/tsserver"
      },
      "engines": {
        "node": ">=4.2.0"
      }
    }
  },
  "dependencies": {
    "google-protobuf": {
      "version": "3.15.7",
      "resolved": "https://registry.npmjs.org/google-protobuf/-/google-protobuf-3.15.7.tgz",
      "integrity": "sha512-S/kTHcT98AV2FxEwtT5lvgffeS87BB6hloZm+pYKkpzwtySwNiKcqXZbxpq/Odh3Wib1RdOe/oY2EHdi17YrlQ==",
      "dev": true
    },
    "ts-protoc-gen": {
      "version": "0.14.0",
      "resolved": "https://registry.npmjs.org/ts-protoc-gen/-/ts-protoc-gen-0.14.0.tgz",
      "integrity": "sha512-2z6w2HioMCMVNcgNHBcEvudmQfzrn+3BjAlz+xgYZ9L0o8n8UG8WUiTJcbXHFiEg2SU8IltwH2pm1otLoMSKwg==",
      "dev": true,
      "requires": {
        "google-protobuf": "^3.6.1"
      }
    },
    "tslib": {
      "version": "2.2.0",
      "resolved": "https://registry.npmjs.org/tslib/-/tslib-2.2.0.tgz",
      "integrity": "sha512-gS9GVHRU+RGn5KQM2rllAlR3dU6m7AcpJKdtH8gFvQiC4Otgk98XnmMU+nZenHt/+VhnBPWwgrJsyrdcw6i23w==",
      "dev": true
    },
    "typescript": {
      "version": "4.2.4",
      "resolved": "https://registry.npmjs.org/typescript/-/typescript-4.2.4.tgz",
      "integrity": "sha512-V+evlYHZnQkaz8TRBuxTA92yZBPotr5H+WhQ7bD3hZUndx5tGOa1fuCgeSjxAzM1RiN5IzvadIXTVefuuwZCRg==",
      "dev": true
    }
  }
}
